
Microsoft Visual Studio Solution File, Format Version 12.00
# Visual Studio Version 16
VisualStudioVersion = 16.0.28803.202
MinimumVisualStudioVersion = 10.0.40219.1
Project("{FAE04EC0-301F-11D3-BF4B-00C04F79EFBC}") = "Questionable Ethics Enhanced", "QEE/QEE.csproj", "{60A4548D-DF67-4362-838B-1D2473937D7A}"
EndProject
Global
	GlobalSection(SolutionConfigurationPlatforms) = preSolution
		Debug|Any CPU = Debug|Any CPU
		Release|Any CPU = Release|Any CPU
	EndGlobalSection
	GlobalSection(ProjectConfigurationPlatforms) = postSolution
		{60A4548D-DF67-4362-838B-1D2473937D7A}.Debug|Any CPU.ActiveCfg = Debug|Any CPU
		{60A4548D-DF67-4362-838B-1D2473937D7A}.Debug|Any CPU.Build.0 = Debug|Any CPU
		{60A4548D-DF67-4362-838B-1D2473937D7A}.Release|Any CPU.ActiveCfg = Release|Any CPU
		{60A4548D-DF67-4362-838B-1D2473937D7A}.Release|Any CPU.Build.0 = Release|Any CPU
	EndGlobalSection
	GlobalSection(SolutionProperties) = preSolution
		HideSolutionNode = FALSE
	EndGlobalSection
	GlobalSection(ExtensibilityGlobals) = postSolution
		SolutionGuid = {FB588A3F-CCCE-42EF-8832-CCB55367E8B6}
	EndGlobalSection
EndGlobal
